
Microsoft Visual Studio Solution File, Format Version 12.00
# Visual Studio Version 16
VisualStudioVersion = 16.0.30104.148
MinimumVisualStudioVersion = 10.0.40219.1
Project("{9A19103F-16F7-4668-BE54-9A1E7A4F7556}") = "ApiFipe", "ApiFipe.csproj", "{E9903B87-E4EF-4EB6-9D88-E3FD4B84C64F}"
EndProject
Global
	GlobalSection(SolutionConfigurationPlatforms) = preSolution
		Debug|Any CPU = Debug|Any CPU
		Release|Any CPU = Release|Any CPU
	EndGlobalSection
	GlobalSection(ProjectConfigurationPlatforms) = postSolution
		{E9903B87-E4EF-4EB6-9D88-E3FD4B84C64F}.Debug|Any CPU.ActiveCfg = Debug|Any CPU
		{E9903B87-E4EF-4EB6-9D88-E3FD4B84C64F}.Debug|Any CPU.Build.0 = Debug|Any CPU
		{E9903B87-E4EF-4EB6-9D88-E3FD4B84C64F}.Release|Any CPU.ActiveCfg = Release|Any CPU
		{E9903B87-E4EF-4EB6-9D88-E3FD4B84C64F}.Release|Any CPU.Build.0 = Release|Any CPU
	EndGlobalSection
	GlobalSection(SolutionProperties) = preSolution
		HideSolutionNode = FALSE
	EndGlobalSection
	GlobalSection(ExtensibilityGlobals) = postSolution
		SolutionGuid = {782B4E70-B767-42A0-8B7C-6D5C76A1C803}
	EndGlobalSection
EndGlobal
